// !$*UTF8*$!
{
	archiveVersion = 1;
	classes = {
	};
	objectVersion = 46;
	objects = {

/* Begin PBXBuildFile section */
		D049F50E1CA499060078467D /* AppDelegate.swift in Sources */ = {isa = PBXBuildFile; fileRef = D049F50D1CA499060078467D /* AppDelegate.swift */; };
		D049F5101CA499060078467D /* ViewController.swift in Sources */ = {isa = PBXBuildFile; fileRef = D049F50F1CA499060078467D /* ViewController.swift */; };
		D049F5121CA499060078467D /* Assets.xcassets in Resources */ = {isa = PBXBuildFile; fileRef = D049F5111CA499060078467D /* Assets.xcassets */; };
		D049F5151CA499060078467D /* Main.storyboard in Resources */ = {isa = PBXBuildFile; fileRef = D049F5131CA499060078467D /* Main.storyboard */; };
		D049F51F1CA49E1E0078467D /* CenteringClipView.swift in Sources */ = {isa = PBXBuildFile; fileRef = D049F51E1CA49E1E0078467D /* CenteringClipView.swift */; };
/* End PBXBuildFile section */

/* Begin PBXFileReference section */
		D049F50A1CA499060078467D /* SimpleImageViewer.app */ = {isa = PBXFileReference; explicitFileType = wrapper.application; includeInIndex = 0; path = SimpleImageViewer.app; sourceTree = BUILT_PRODUCTS_DIR; };
		D049F50D1CA499060078467D /* AppDelegate.swift */ = {isa = PBXFileReference; lastKnownFileType = sourcecode.swift; path = AppDelegate.swift; sourceTree = "<group>"; };
		D049F50F1CA499060078467D /* ViewController.swift */ = {isa = PBXFileReference; lastKnownFileType = sourcecode.swift; path = ViewController.swift; sourceTree = "<group>"; };
		D049F5111CA499060078467D /* Assets.xcassets */ = {isa = PBXFileReference; lastKnownFileType = folder.assetcatalog; path = Assets.xcassets; sourceTree = "<group>"; };
		D049F5141CA499060078467D /* Base */ = {isa = PBXFileReference; lastKnownFileType = file.storyboard; name = Base; path = Base.lproj/Main.storyboard; sourceTree = "<group>"; };
		D049F5161CA499060078467D /* Info.plist */ = {isa = PBXFileReference; lastKnownFileType = text.plist.xml; path = Info.plist; sourceTree = "<group>"; };
		D049F51E1CA49E1E0078467D /* CenteringClipView.swift */ = {isa = PBXFileReference; fileEncoding = 4; lastKnownFileType = sourcecode.swift; path = CenteringClipView.swift; sourceTree = "<group>"; };
/* End PBXFileReference section */

/* Begin PBXFrameworksBuildPhase section */
		D049F5071CA499060078467D /* Frameworks */ = {
			isa = PBXFrameworksBuildPhase;
			buildActionMask = 2147483647;
			files = (
			);
			runOnlyForDeploymentPostprocessing = 0;
		};
/* End PBXFrameworksBuildPhase section */

/* Begin PBXGroup section */
		D049F5011CA499060078467D = {
			isa = PBXGroup;
			children = (
				D049F50C1CA499060078467D /* SimpleImageViewer */,
				D049F50B1CA499060078467D /* Products */,
			);
			sourceTree = "<group>";
		};
		D049F50B1CA499060078467D /* Products */ = {
			isa = PBXGroup;
			children = (
				D049F50A1CA499060078467D /* SimpleImageViewer.app */,
			);
			name = Products;
			sourceTree = "<group>";
		};
		D049F50C1CA499060078467D /* SimpleImageViewer */ = {
			isa = PBXGroup;
			children = (
				D049F50D1CA499060078467D /* AppDelegate.swift */,
				D049F50F1CA499060078467D /* ViewController.swift */,
				D049F5111CA499060078467D /* Assets.xcassets */,
				D049F51E1CA49E1E0078467D /* CenteringClipView.swift */,
				D049F5131CA499060078467D /* Main.storyboard */,
				D049F5161CA499060078467D /* Info.plist */,
			);
			path = SimpleImageViewer;
			sourceTree = "<group>";
		};
/* End PBXGroup section */

/* Begin PBXNativeTarget section */
		D049F5091CA499060078467D /* SimpleImageViewer */ = {
			isa = PBXNativeTarget;
			buildConfigurationList = D049F5191CA499060078467D /* Build configuration list for PBXNativeTarget "SimpleImageViewer" */;
			buildPhases = (
				D049F5061CA499060078467D /* Sources */,
				D049F5071CA499060078467D /* Frameworks */,
				D049F5081CA499060078467D /* Resources */,
			);
			buildRules = (
			);
			dependencies = (
			);
			name = SimpleImageViewer;
			productName = SimpleImageViewer;
			productReference = D049F50A1CA499060078467D /* SimpleImageViewer.app */;
			productType = "com.apple.product-type.application";
		};
/* End PBXNativeTarget section */

/* Begin PBXProject section */
		D049F5021CA499060078467D /* Project object */ = {
			isa = PBXProject;
			attributes = {
				LastSwiftUpdateCheck = 0730;
				LastUpgradeCheck = 0830;
				ORGANIZATIONNAME = "Phoenix Toews";
				TargetAttributes = {
					D049F5091CA499060078467D = {
						CreatedOnToolsVersion = 7.3;
						LastSwiftMigration = 0830;
					};
				};
			};
			buildConfigurationList = D049F5051CA499060078467D /* Build configuration list for PBXProject "SimpleImageViewer" */;
			compatibilityVersion = "Xcode 3.2";
			developmentRegion = English;
			hasScannedForEncodings = 0;
			knownRegions = (
				en,
				Base,
			);
			mainGroup = D049F5011CA499060078467D;
			productRefGroup = D049F50B1CA499060078467D /* Products */;
			projectDirPath = "";
			projectRoot = "";
			targets = (
				D049F5091CA499060078467D /* SimpleImageViewer */,
			);
		};
/* End PBXProject section */

/* Begin PBXResourcesBuildPhase section */
		D049F5081CA499060078467D /* Resources */ = {
			isa = PBXResourcesBuildPhase;
			buildActionMask = 2147483647;
			files = (
				D049F5121CA499060078467D /* Assets.xcassets in Resources */,
				D049F5151CA499060078467D /* Main.storyboard in Resources */,
			);
			runOnlyForDeploymentPostprocessing = 0;
		};
/* End PBXResourcesBuildPhase section */

/* Begin PBXSourcesBuildPhase section */
		D049F5061CA499060078467D /* Sources */ = {
			isa = PBXSourcesBuildPhase;
			buildActionMask = 2147483647;
			files = (
				D049F5101CA499060078467D /* ViewController.swift in Sources */,
				D049F50E1CA499060078467D /* AppDelegate.swift in Sources */,
				D049F51F1CA49E1E0078467D /* CenteringClipView.swift in Sources */,
			);
			runOnlyForDeploymentPostprocessing = 0;
		};
/* End PBXSourcesBuildPhase section */

/* Begin PBXVariantGroup section */
		D049F5131CA499060078467D /* Main.storyboard */ = {
			isa = PBXVariantGroup;
			children = (
				D049F5141CA499060078467D /* Base */,
			);
			name = Main.storyboard;
			sourceTree = "<group>";
		};
/* End PBXVariantGroup section */

/* Begin XCBuildConfiguration section */
		D049F5171CA499060078467D /* Debug */ = {
			isa = XCBuildConfiguration;
			buildSettings = {
				ALWAYS_SEARCH_USER_PATHS = NO;
				CLANG_ANALYZER_NONNULL = YES;
				CLANG_CXX_LANGUAGE_STANDARD = "gnu++0x";
				CLANG_CXX_LIBRARY = "libc++";
				CLANG_ENABLE_MODULES = YES;
				CLANG_ENABLE_OBJC_ARC = YES;
				CLANG_WARN_BOOL_CONVERSION = YES;
				CLANG_WARN_CONSTANT_CONVERSION = YES;
				CLANG_WARN_DIRECT_OBJC_ISA_USAGE = YES_ERROR;
				CLANG_WARN_EMPTY_BODY = YES;
				CLANG_WARN_ENUM_CONVERSION = YES;
				CLANG_WARN_INFINITE_RECURSION = YES;
				CLANG_WARN_INT_CONVERSION = YES;
				CLANG_WARN_OBJC_ROOT_CLASS = YES_ERROR;
				CLANG_WARN_SUSPICIOUS_MOVE = YES;
				CLANG_WARN_UNREACHABLE_CODE = YES;
				CLANG_WARN__DUPLICATE_METHOD_MATCH = YES;
				CODE_SIGN_IDENTITY = "-";
				COPY_PHASE_STRIP = NO;
				DEBUG_INFORMATION_FORMAT = dwarf;
				ENABLE_STRICT_OBJC_MSGSEND = YES;
				ENABLE_TESTABILITY = YES;
				GCC_C_LANGUAGE_STANDARD = gnu99;
				GCC_DYNAMIC_NO_PIC = NO;
				GCC_NO_COMMON_BLOCKS = YES;
				GCC_OPTIMIZATION_LEVEL = 0;
				GCC_PREPROCESSOR_DEFINITIONS = (
					"DEBUG=1",
					"$(inherited)",
				);
				GCC_WARN_64_TO_32_BIT_CONVERSION = YES;
				GCC_WARN_ABOUT_RETURN_TYPE = YES_ERROR;
				GCC_WARN_UNDECLARED_SELECTOR = YES;
				GCC_WARN_UNINITIALIZED_AUTOS = YES_AGGRESSIVE;
				GCC_WARN_UNUSED_FUNCTION = YES;
				GCC_WARN_UNUSED_VARIABLE = YES;
				MACOSX_DEPLOYMENT_TARGET = 10.11;
				MTL_ENABLE_DEBUG_INFO = YES;
				ONLY_ACTIVE_ARCH = YES;
				SDKROOT = macosx;
				SWIFT_OPTIMIZATION_LEVEL = "-Onone";
			};
			name = Debug;
		};
		D049F5181CA499060078467D /* Release */ = {
			isa = XCBuildConfiguration;
			buildSettings = {
				ALWAYS_SEARCH_USER_PATHS = NO;
				CLANG_ANALYZER_NONNULL = YES;
				CLANG_CXX_LANGUAGE_STANDARD = "gnu++0x";
				CLANG_CXX_LIBRARY = "libc++";
				CLANG_ENABLE_MODULES = YES;
				CLANG_ENABLE_OBJC_ARC = YES;
				CLANG_WARN_BOOL_CONVERSION = YES;
				CLANG_WARN_CONSTANT_CONVERSION = YES;
				CLANG_WARN_DIRECT_OBJC_ISA_USAGE = YES_ERROR;
				CLANG_WARN_EMPTY_BODY = YES;
				CLANG_WARN_ENUM_CONVERSION = YES;
				CLANG_WARN_INFINITE_RECURSION = YES;
				CLANG_WARN_INT_CONVERSION = YES;
				CLANG_WARN_OBJC_ROOT_CLASS = YES_ERROR;
				CLANG_WARN_SUSPICIOUS_MOVE = YES;
				CLANG_WARN_UNREACHABLE_CODE = YES;
				CLANG_WARN__DUPLICATE_METHOD_MATCH = YES;
				CODE_SIGN_IDENTITY = "-";
				COPY_PHASE_STRIP = NO;
				DEBUG_INFORMATION_FORMAT = "dwarf-with-dsym";
				ENABLE_NS_ASSERTIONS = NO;
				ENABLE_STRICT_OBJC_MSGSEND = YES;
				GCC_C_LANGUAGE_STANDARD = gnu99;
				GCC_NO_COMMON_BLOCKS = YES;
				GCC_WARN_64_TO_32_BIT_CONVERSION = YES;
				GCC_WARN_ABOUT_RETURN_TYPE = YES_ERROR;
				GCC_WARN_UNDECLARED_SELECTOR = YES;
				GCC_WARN_UNINITIALIZED_AUTOS = YES_AGGRESSIVE;
				GCC_WARN_UNUSED_FUNCTION = YES;
				GCC_WARN_UNUSED_VARIABLE = YES;
				MACOSX_DEPLOYMENT_TARGET = 10.11;
				MTL_ENABLE_DEBUG_INFO = NO;
				SDKROOT = macosx;
				SWIFT_OPTIMIZATION_LEVEL = "-Owholemodule";
			};
			name = Release;
		};
		D049F51A1CA499060078467D /* Debug */ = {
			isa = XCBuildConfiguration;
			buildSettings = {
				ASSETCATALOG_COMPILER_APPICON_NAME = AppIcon;
				COMBINE_HIDPI_IMAGES = YES;
				INFOPLIST_FILE = SimpleImageViewer/Info.plist;
				LD_RUNPATH_SEARCH_PATHS = "$(inherited) @executable_path/../Frameworks";
				PRODUCT_BUNDLE_IDENTIFIER = net.phoenixtoews.SimpleImageViewer;
				PRODUCT_NAME = "$(TARGET_NAME)";
				SWIFT_VERSION = 3.0;
			};
			name = Debug;
		};
		D049F51B1CA499060078467D /* Release */ = {
			isa = XCBuildConfiguration;
			buildSettings = {
				ASSETCATALOG_COMPILER_APPICON_NAME = AppIcon;
				COMBINE_HIDPI_IMAGES = YES;
				INFOPLIST_FILE = SimpleImageViewer/Info.plist;
				LD_RUNPATH_SEARCH_PATHS = "$(inherited) @executable_path/../Frameworks";
				PRODUCT_BUNDLE_IDENTIFIER = net.phoenixtoews.SimpleImageViewer;
				PRODUCT_NAME = "$(TARGET_NAME)";
				SWIFT_VERSION = 3.0;
			};
			name = Release;
		};
/* End XCBuildConfiguration section */

/* Begin XCConfigurationList section */
		D049F5051CA499060078467D /* Build configuration list for PBXProject "SimpleImageViewer" */ = {
			isa = XCConfigurationList;
			buildConfigurations = (
				D049F5171CA499060078467D /* Debug */,
				D049F5181CA499060078467D /* Release */,
			);
			defaultConfigurationIsVisible = 0;
			defaultConfigurationName = Release;
		};
		D049F5191CA499060078467D /* Build configuration list for PBXNativeTarget "SimpleImageViewer" */ = {
			isa = XCConfigurationList;
			buildConfigurations = (
				D049F51A1CA499060078467D /* Debug */,
				D049F51B1CA499060078467D /* Release */,
			);
			defaultConfigurationIsVisible = 0;
			defaultConfigurationName = Release;
		};
/* End XCConfigurationList section */
	};
	rootObject = D049F5021CA499060078467D /* Project object */;
}
